
Microsoft Visual Studio Solution File, Format Version 11.00
# Visual Studio 2010
Project("{FAE04EC0-301F-11D3-BF4B-00C04F79EFBC}") = "Assembly-CSharp", "Assembly-CSharp.csproj", "{418F425C-4C63-8D89-4ED3-15D818815ACE}"
EndProject
Project("{FAE04EC0-301F-11D3-BF4B-00C04F79EFBC}") = "Assembly-CSharp-Editor", "Assembly-CSharp-Editor.csproj", "{F8F3F90D-5989-128F-A36C-8A9F538CC35F}"
EndProject
Global
	GlobalSection(SolutionConfigurationPlatforms) = preSolution
		Debug|Any CPU = Debug|Any CPU
		Release|Any CPU = Release|Any CPU
	EndGlobalSection
	GlobalSection(ProjectConfigurationPlatforms) = postSolution
		{418F425C-4C63-8D89-4ED3-15D818815ACE}.Debug|Any CPU.ActiveCfg = Debug|Any CPU
		{418F425C-4C63-8D89-4ED3-15D818815ACE}.Debug|Any CPU.Build.0 = Debug|Any CPU
		{418F425C-4C63-8D89-4ED3-15D818815ACE}.Release|Any CPU.ActiveCfg = Release|Any CPU
		{418F425C-4C63-8D89-4ED3-15D818815ACE}.Release|Any CPU.Build.0 = Release|Any CPU
		{F8F3F90D-5989-128F-A36C-8A9F538CC35F}.Debug|Any CPU.ActiveCfg = Debug|Any CPU
		{F8F3F90D-5989-128F-A36C-8A9F538CC35F}.Debug|Any CPU.Build.0 = Debug|Any CPU
		{F8F3F90D-5989-128F-A36C-8A9F538CC35F}.Release|Any CPU.ActiveCfg = Release|Any CPU
		{F8F3F90D-5989-128F-A36C-8A9F538CC35F}.Release|Any CPU.Build.0 = Release|Any CPU
	EndGlobalSection
	GlobalSection(SolutionProperties) = preSolution
		HideSolutionNode = FALSE
	EndGlobalSection
EndGlobal
